FORGE
  remote: https://forgeapi.puppetlabs.com
  specs:
    camptocamp-accounts (1.8.0)
      puppetlabs-stdlib (< 5.0.0, >= 3.2.0)
    camptocamp-systemd (0.4.0)
    ceritsc-yum (0.9.8)
      puppetlabs-stdlib (>= 4.2.0)
    computology-packagecloud (0.3.1)
      puppetlabs-stdlib (>= 0)
    elasticsearch-elasticsearch (0.14.0)
      ceritsc-yum (< 1.0.0, >= 0.9.6)
      puppetlabs-apt (< 3.0.0, >= 1.4.0)
      puppetlabs-java (< 2.0.0, >= 1.0.0)
      puppetlabs-stdlib (< 5.0.0, >= 3.2.0)
      richardc-datacat (< 1.0.0, >= 0.6.2)
    garethr-docker (5.3.0)
      puppetlabs-apt (<= 3.0.0, >= 1.8.0)
      puppetlabs-stdlib (>= 4.1.0)
      stahnma-epel (>= 0.0.6)
    golja-influxdb (4.0.0)
      puppetlabs-apt (< 3.0.0, >= 1.8.0)
      puppetlabs-stdlib (>= 1.0.0)
    herculesteam-augeasproviders_core (2.1.3)
      puppetlabs-stdlib (< 5.0.0, >= 3.2.0)
    herculesteam-augeasproviders_shellvar (2.2.1)
      herculesteam-augeasproviders_core (< 3.0.0, >= 2.1.0)
    jfryman-selinux (0.4.0)
      puppetlabs-stdlib (>= 0)
    landcareresearch-amazon_ses (0.1.4)
      puppetlabs-stdlib (>= 2.4.0)
    maestrodev-wget (1.7.3)
    puppet-archive (1.2.0)
      puppetlabs-stdlib (< 5.0.0, >= 4.6.0)
    puppet-nginx (0.4.0)
      puppetlabs-apt (< 3.0.0, >= 1.8.0)
      puppetlabs-concat (< 3.0.0, >= 1.1.1)
      puppetlabs-stdlib (< 5.0.0, >= 4.2.0)
    puppet-staging (1.0.7)
    puppetlabs-apt (2.3.0)
      puppetlabs-stdlib (< 5.0.0, >= 4.5.0)
    puppetlabs-concat (1.2.5)
      puppetlabs-stdlib (< 5.0.0, >= 3.2.0)
    puppetlabs-firewall (1.8.2)
    puppetlabs-inifile (1.5.0)
    puppetlabs-java (1.6.0)
      puppetlabs-stdlib (< 5.0.0, >= 2.4.0)
    puppetlabs-limits (0.1.0)
    puppetlabs-lvm (0.7.0)
      puppetlabs-stdlib (< 5.0.0, >= 4.1.0)
    puppetlabs-mongodb (0.16.0)
      puppetlabs-apt (< 3.0.0, >= 2.1.0)
      puppetlabs-stdlib (< 5.0.0, >= 4.4.0)
    puppetlabs-stdlib (4.14.0)
    puppetlabs-tomcat (1.6.0)
      puppet-staging (< 2.0.0, >= 0.4.1)
      puppetlabs-concat (< 3.0.0, >= 1.1.0)
      puppetlabs-stdlib (< 5.0.0, >= 4.6.0)
    richardc-datacat (0.6.2)
    saz-sudo (3.1.0)
      puppetlabs-stdlib (< 5.0.0, >= 2.3.0)
    stahnma-epel (1.2.2)
      puppetlabs-stdlib (>= 3.0.0)
    stankevich-python (1.18.2)
      puppetlabs-stdlib (< 6.0.0, >= 4.6.0)
      stahnma-epel (< 2.0.0, >= 1.2.2)
    thias-sysctl (1.0.6)
    tracywebtech-pip (1.3.4)
      puppetlabs-stdlib (>= 3.2.1)
    yo61-logrotate (1.4.0)
      puppetlabs-stdlib (< 5.0.0, >= 1.0.0)

GIT
  remote: https://github.com/Talend/puppet-kafka.git
  ref: master
  sha: 9faf6a9acb9a26822fa502ce1b8affa8a68cb467
  specs:
    talend-kafka (2.2.1-rc0)
      camptocamp-systemd (< 2.0.0, >= 0.4.0)
      puppet-archive (>= 1.0.0)
      puppetlabs-java (>= 1.4.2)
      puppetlabs-stdlib (>= 4.11.0)

GIT
  remote: https://github.com/Talend/puppet-nexus.git
  ref: master
  sha: 7224a29b89e661eccfa1c2beacaf1e322e285536
  specs:
    hubspot-nexus (1.3.4)
      maestrodev-wget (< 2.0.0, >= 1.0.0)
      puppetlabs-inifile (~> 1.5.0)
      puppetlabs-stdlib (< 5.0.0, >= 0.0.0)

GIT
  remote: https://github.com/Talend/puppetlabs-postgresql.git
  ref: master
  sha: 0bf606796bbcd7367f4995735866d247ebdf01fc
  specs:
    puppetlabs-postgresql (4.8.0)
      puppetlabs-apt (< 3.0.0, >= 1.8.0)
      puppetlabs-concat (< 3.0.0, >= 1.1.0)
      puppetlabs-stdlib (~> 4.0)

GITHUBTARBALL
  remote: Talend/puppet-activemq
  specs:
    talend-activemq (0.2.0.2)

GITHUBTARBALL
  remote: Talend/puppet-cloudwatch
  specs:
    talend-cloudwatch (0.1.0.25)

GITHUBTARBALL
  remote: Talend/puppet-cloudwatchlogs
  specs:
    talend-cloudwatchlogs (0.2.1.1)

GITHUBTARBALL
  remote: Talend/puppet-dataprep_dataset
  specs:
    talend-dataprep_dataset (0.1.0.5)

GITHUBTARBALL
  remote: Talend/puppet-syncope
  specs:
    talend-syncope (0.1.1.6)

GITHUBTARBALL
  remote: Talend/puppet-tic
  specs:
    talend-tic (0.1.4.22)

GITHUBTARBALL
  remote: Talend/puppet-user_accounts
  specs:
    talend-user_accounts (0.1.0.4)

GITHUBTARBALL
  remote: Talend/puppet-zookeeper
  specs:
    talend-zookeeper (0.1.1.3)

DEPENDENCIES
  camptocamp-accounts (~> 1.0)
  computology-packagecloud (~> 0.0)
  elasticsearch-elasticsearch (~> 0.0)
  garethr-docker (~> 5.3.0)
  golja-influxdb (~> 4.0)
  herculesteam-augeasproviders_shellvar (~> 2.0)
  hubspot-nexus (>= 0)
  jfryman-selinux (~> 0.0)
  landcareresearch-amazon_ses (~> 0.1.0)
  puppet-nginx (~> 0.4.0)
  puppetlabs-concat (~> 1.0)
  puppetlabs-firewall (~> 1.0)
  puppetlabs-java (~> 1.0)
  puppetlabs-limits (~> 0.0)
  puppetlabs-lvm (~> 0.0)
  puppetlabs-mongodb (~> 0.0)
  puppetlabs-postgresql (>= 0)
  puppetlabs-stdlib (~> 4.0)
  puppetlabs-tomcat (~> 1.0)
  saz-sudo (~> 3.0)
  stankevich-python (= 1.18.2)
  talend-activemq (~> 0.0)
  talend-cloudwatch (~> 0.0)
  talend-cloudwatchlogs (~> 0.0)
  talend-dataprep_dataset (~> 0.0)
  talend-kafka (>= 0)
  talend-syncope (~> 0.0)
  talend-tic (~> 0.0)
  talend-user_accounts (~> 0.0)
  talend-zookeeper (~> 0.0)
  thias-sysctl (~> 1.0)
  tracywebtech-pip (~> 1.0)
  yo61-logrotate (~> 1.0)

