FORGE
  remote: https://forgeapi.puppetlabs.com
  specs:
    camptocamp-accounts (1.8.0)
      puppetlabs-stdlib (< 5.0.0, >= 3.2.0)
    ceritsc-yum (0.9.8)
      puppetlabs-stdlib (>= 4.2.0)
    computology-packagecloud (0.3.1)
      puppetlabs-stdlib (>= 0)
    elasticsearch-elasticsearch (0.12.0)
      ceritsc-yum (< 1.0.0, >= 0.9.6)
      puppetlabs-apt (< 3.0.0, >= 1.4.0)
      puppetlabs-stdlib (< 5.0.0, >= 3.2.0)
      richardc-datacat (< 1.0.0, >= 0.6.2)
    herculesteam-augeasproviders_core (2.1.2)
      puppetlabs-stdlib (< 5.0.0, >= 3.2.0)
    herculesteam-augeasproviders_shellvar (2.2.1)
      herculesteam-augeasproviders_core (< 3.0.0, >= 2.1.0)
    jdowning-awscli (1.3.0)
      puppetlabs-concat (< 2.0.0, >= 1.0.0)
      puppetlabs-stdlib (< 5.0.0, >= 4.0.0)
      stahnma-epel (< 2.0.0, >= 1.0.0)
    jfryman-nginx (0.3.0)
      puppetlabs-apt (< 3.0.0, >= 1.8.0)
      puppetlabs-concat (< 3.0.0, >= 1.1.1)
      puppetlabs-stdlib (< 5.0.0, >= 4.2.0)
    jfryman-selinux (0.4.0)
      puppetlabs-stdlib (>= 0)
    maestrodev-wget (1.7.3)
    nanliu-staging (1.0.3)
    puppetlabs-apt (2.2.2)
      puppetlabs-stdlib (< 5.0.0, >= 4.5.0)
    puppetlabs-concat (1.2.5)
      puppetlabs-stdlib (< 5.0.0, >= 3.2.0)
    puppetlabs-inifile (1.5.0)
    puppetlabs-java (1.6.0)
      puppetlabs-stdlib (< 5.0.0, >= 2.4.0)
    puppetlabs-mongodb (0.14.0)
      puppetlabs-apt (< 3.0.0, >= 2.1.0)
      puppetlabs-stdlib (< 5.0.0, >= 4.4.0)
    puppetlabs-postgresql (4.8.0)
      puppetlabs-apt (< 3.0.0, >= 1.8.0)
      puppetlabs-concat (< 3.0.0, >= 1.1.0)
      puppetlabs-stdlib (~> 4.0)
    puppetlabs-stdlib (4.12.0)
    puppetlabs-tomcat (1.5.0)
      nanliu-staging (< 2.0.0, >= 0.4.1)
      puppetlabs-concat (< 3.0.0, >= 1.1.0)
      puppetlabs-stdlib (< 5.0.0, >= 4.6.0)
    richardc-datacat (0.6.2)
    saz-sudo (3.1.0)
      puppetlabs-stdlib (< 5.0.0, >= 2.3.0)
    stahnma-epel (1.2.2)
      puppetlabs-stdlib (>= 3.0.0)

GIT
  remote: https://github.com/Talend/puppet-nexus.git
  ref: master
  sha: 855e1646614f8987ed1156d5e5a55e4153f98792
  specs:
    hubspot-nexus (1.3.4)
      maestrodev-wget (< 2.0.0, >= 1.0.0)
      puppetlabs-inifile (~> 1.5.0)
      puppetlabs-stdlib (< 5.0.0, >= 0.0.0)

GITHUBTARBALL
  remote: Talend/puppet-activemq
  specs:
    talend-activemq (0.1.0.9)

GITHUBTARBALL
  remote: Talend/puppet-cloudwatch
  specs:
    talend-cloudwatch (0.1.0.4)

GITHUBTARBALL
  remote: Talend/puppet-cloudwatchlogs
  specs:
    talend-cloudwatchlogs (0.1.0.3)

GITHUBTARBALL
  remote: Talend/puppet-dataprep_dataset
  specs:
    talend-dataprep_dataset (0.1.0.1)

GITHUBTARBALL
  remote: Talend/puppet-syncope
  specs:
    talend-syncope (0.1.0.3)

GITHUBTARBALL
  remote: Talend/puppet-tic
  specs:
    talend-tic (0.1.0.5)

GITHUBTARBALL
  remote: Talend/puppet-zookeeper
  specs:
    talend-zookeeper (0.1.0.4)

DEPENDENCIES
  camptocamp-accounts (~> 1.0)
  computology-packagecloud (~> 0.0)
  elasticsearch-elasticsearch (~> 0.0)
  herculesteam-augeasproviders_shellvar (~> 2.0)
  hubspot-nexus (>= 0)
  jdowning-awscli (~> 1.0)
  jfryman-nginx (~> 0.0)
  jfryman-selinux (~> 0.0)
  puppetlabs-concat (~> 1.0)
  puppetlabs-java (~> 1.0)
  puppetlabs-mongodb (~> 0.0)
  puppetlabs-postgresql (~> 4.0)
  puppetlabs-tomcat (~> 1.0)
  saz-sudo (~> 3.0)
  talend-activemq (~> 0.0)
  talend-cloudwatch (~> 0.0)
  talend-cloudwatchlogs (~> 0.0)
  talend-dataprep_dataset (~> 0.0)
  talend-syncope (~> 0.0)
  talend-tic (~> 0.0)
  talend-zookeeper (~> 0.0)

